// !$*UTF8*$!
{
	archiveVersion = 1;
	classes = {
	};
	objectVersion = 50;
	objects = {

/* Begin PBXBuildFile section */
		EF38E5A026C0E22500278C99 /* AppDelegate.swift in Sources */ = {isa = PBXBuildFile; fileRef = EF38E59F26C0E22500278C99 /* AppDelegate.swift */; };
		EF38E5A226C0E22500278C99 /* SceneDelegate.swift in Sources */ = {isa = PBXBuildFile; fileRef = EF38E5A126C0E22500278C99 /* SceneDelegate.swift */; };
		EF38E5A426C0E22500278C99 /* BusScheduleViewController.swift in Sources */ = {isa = PBXBuildFile; fileRef = EF38E5A326C0E22500278C99 /* BusScheduleViewController.swift */; };
		EF38E5A726C0E22500278C99 /* Main.storyboard in Resources */ = {isa = PBXBuildFile; fileRef = EF38E5A526C0E22500278C99 /* Main.storyboard */; };
		EF38E5A926C0E22600278C99 /* Assets.xcassets in Resources */ = {isa = PBXBuildFile; fileRef = EF38E5A826C0E22600278C99 /* Assets.xcassets */; };
		EF38E5AC26C0E22600278C99 /* LaunchScreen.storyboard in Resources */ = {isa = PBXBuildFile; fileRef = EF38E5AA26C0E22600278C99 /* LaunchScreen.storyboard */; };
		EF38E5B726C0E22600278C99 /* BusTimimgTests.swift in Sources */ = {isa = PBXBuildFile; fileRef = EF38E5B626C0E22600278C99 /* BusTimimgTests.swift */; };
		EF38E5C226C0E22600278C99 /* BusTimimgUITests.swift in Sources */ = {isa = PBXBuildFile; fileRef = EF38E5C126C0E22600278C99 /* BusTimimgUITests.swift */; };
		EF38E5D026C0E24400278C99 /* RouteModel.swift in Sources */ = {isa = PBXBuildFile; fileRef = EF38E5CF26C0E24400278C99 /* RouteModel.swift */; };
		EF38E5D926C1671100278C99 /* Parser.swift in Sources */ = {isa = PBXBuildFile; fileRef = EF38E5D826C1671100278C99 /* Parser.swift */; };
		EF6F289326C25BD800ECC205 /* RouteInfoCellViewModel.swift in Sources */ = {isa = PBXBuildFile; fileRef = EF6F289226C25BD800ECC205 /* RouteInfoCellViewModel.swift */; };
		EF6F289526C25C1500ECC205 /* RouteTimingCellViewModel.swift in Sources */ = {isa = PBXBuildFile; fileRef = EF6F289426C25C1500ECC205 /* RouteTimingCellViewModel.swift */; };
		EF6F289726C25C4B00ECC205 /* BusDetailViewModel.swift in Sources */ = {isa = PBXBuildFile; fileRef = EF6F289626C25C4B00ECC205 /* BusDetailViewModel.swift */; };
		EF6F289926C2FD1500ECC205 /* BusTimingViewModel.swift in Sources */ = {isa = PBXBuildFile; fileRef = EF6F289826C2FD1500ECC205 /* BusTimingViewModel.swift */; };
		EF6F289B26C301F000ECC205 /* BusTimingTableViewCell.swift in Sources */ = {isa = PBXBuildFile; fileRef = EF6F289A26C301F000ECC205 /* BusTimingTableViewCell.swift */; };
		EF6F289F26C3B48200ECC205 /* BusInfoCollectionViewCell.swift in Sources */ = {isa = PBXBuildFile; fileRef = EF6F289E26C3B48200ECC205 /* BusInfoCollectionViewCell.swift */; };
		EF6F28A226C3BED800ECC205 /* Reused.swift in Sources */ = {isa = PBXBuildFile; fileRef = EF6F28A126C3BED800ECC205 /* Reused.swift */; };
/* End PBXBuildFile section */

/* Begin PBXContainerItemProxy section */
		EF38E5B326C0E22600278C99 /* PBXContainerItemProxy */ = {
			isa = PBXContainerItemProxy;
			containerPortal = EF38E59426C0E22500278C99 /* Project object */;
			proxyType = 1;
			remoteGlobalIDString = EF38E59B26C0E22500278C99;
			remoteInfo = BusTimimg;
		};
		EF38E5BE26C0E22600278C99 /* PBXContainerItemProxy */ = {
			isa = PBXContainerItemProxy;
			containerPortal = EF38E59426C0E22500278C99 /* Project object */;
			proxyType = 1;
			remoteGlobalIDString = EF38E59B26C0E22500278C99;
			remoteInfo = BusTimimg;
		};
/* End PBXContainerItemProxy section */

/* Begin PBXFileReference section */
		EF38E59C26C0E22500278C99 /* BusTimimg.app */ = {isa = PBXFileReference; explicitFileType = wrapper.application; includeInIndex = 0; path = BusTimimg.app; sourceTree = BUILT_PRODUCTS_DIR; };
		EF38E59F26C0E22500278C99 /* AppDelegate.swift */ = {isa = PBXFileReference; lastKnownFileType = sourcecode.swift; path = AppDelegate.swift; sourceTree = "<group>"; };
		EF38E5A126C0E22500278C99 /* SceneDelegate.swift */ = {isa = PBXFileReference; lastKnownFileType = sourcecode.swift; path = SceneDelegate.swift; sourceTree = "<group>"; };
		EF38E5A326C0E22500278C99 /* BusScheduleViewController.swift */ = {isa = PBXFileReference; lastKnownFileType = sourcecode.swift; path = BusScheduleViewController.swift; sourceTree = "<group>"; };
		EF38E5A626C0E22500278C99 /* Base */ = {isa = PBXFileReference; lastKnownFileType = file.storyboard; name = Base; path = Base.lproj/Main.storyboard; sourceTree = "<group>"; };
		EF38E5A826C0E22600278C99 /* Assets.xcassets */ = {isa = PBXFileReference; lastKnownFileType = folder.assetcatalog; path = Assets.xcassets; sourceTree = "<group>"; };
		EF38E5AB26C0E22600278C99 /* Base */ = {isa = PBXFileReference; lastKnownFileType = file.storyboard; name = Base; path = Base.lproj/LaunchScreen.storyboard; sourceTree = "<group>"; };
		EF38E5AD26C0E22600278C99 /* Info.plist */ = {isa = PBXFileReference; lastKnownFileType = text.plist.xml; path = Info.plist; sourceTree = "<group>"; };
		EF38E5B226C0E22600278C99 /* BusTimimgTests.xctest */ = {isa = PBXFileReference; explicitFileType = wrapper.cfbundle; includeInIndex = 0; path = BusTimimgTests.xctest; sourceTree = BUILT_PRODUCTS_DIR; };
		EF38E5B626C0E22600278C99 /* BusTimimgTests.swift */ = {isa = PBXFileReference; lastKnownFileType = sourcecode.swift; path = BusTimimgTests.swift; sourceTree = "<group>"; };
		EF38E5B826C0E22600278C99 /* Info.plist */ = {isa = PBXFileReference; lastKnownFileType = text.plist.xml; path = Info.plist; sourceTree = "<group>"; };
		EF38E5BD26C0E22600278C99 /* BusTimimgUITests.xctest */ = {isa = PBXFileReference; explicitFileType = wrapper.cfbundle; includeInIndex = 0; path = BusTimimgUITests.xctest; sourceTree = BUILT_PRODUCTS_DIR; };
		EF38E5C126C0E22600278C99 /* BusTimimgUITests.swift */ = {isa = PBXFileReference; lastKnownFileType = sourcecode.swift; path = BusTimimgUITests.swift; sourceTree = "<group>"; };
		EF38E5C326C0E22600278C99 /* Info.plist */ = {isa = PBXFileReference; lastKnownFileType = text.plist.xml; path = Info.plist; sourceTree = "<group>"; };
		EF38E5CF26C0E24400278C99 /* RouteModel.swift */ = {isa = PBXFileReference; lastKnownFileType = sourcecode.swift; path = RouteModel.swift; sourceTree = "<group>"; };
		EF38E5D826C1671100278C99 /* Parser.swift */ = {isa = PBXFileReference; lastKnownFileType = sourcecode.swift; path = Parser.swift; sourceTree = "<group>"; };
		EF6F289226C25BD800ECC205 /* RouteInfoCellViewModel.swift */ = {isa = PBXFileReference; lastKnownFileType = sourcecode.swift; path = RouteInfoCellViewModel.swift; sourceTree = "<group>"; };
		EF6F289426C25C1500ECC205 /* RouteTimingCellViewModel.swift */ = {isa = PBXFileReference; lastKnownFileType = sourcecode.swift; path = RouteTimingCellViewModel.swift; sourceTree = "<group>"; };
		EF6F289626C25C4B00ECC205 /* BusDetailViewModel.swift */ = {isa = PBXFileReference; lastKnownFileType = sourcecode.swift; path = BusDetailViewModel.swift; sourceTree = "<group>"; };
		EF6F289826C2FD1500ECC205 /* BusTimingViewModel.swift */ = {isa = PBXFileReference; lastKnownFileType = sourcecode.swift; path = BusTimingViewModel.swift; sourceTree = "<group>"; };
		EF6F289A26C301F000ECC205 /* BusTimingTableViewCell.swift */ = {isa = PBXFileReference; lastKnownFileType = sourcecode.swift; path = BusTimingTableViewCell.swift; sourceTree = "<group>"; };
		EF6F289E26C3B48200ECC205 /* BusInfoCollectionViewCell.swift */ = {isa = PBXFileReference; lastKnownFileType = sourcecode.swift; path = BusInfoCollectionViewCell.swift; sourceTree = "<group>"; };
		EF6F28A126C3BED800ECC205 /* Reused.swift */ = {isa = PBXFileReference; lastKnownFileType = sourcecode.swift; path = Reused.swift; sourceTree = "<group>"; };
/* End PBXFileReference section */

/* Begin PBXFrameworksBuildPhase section */
		EF38E59926C0E22500278C99 /* Frameworks */ = {
			isa = PBXFrameworksBuildPhase;
			buildActionMask = 2147483647;
			files = (
			);
			runOnlyForDeploymentPostprocessing = 0;
		};
		EF38E5AF26C0E22600278C99 /* Frameworks */ = {
			isa = PBXFrameworksBuildPhase;
			buildActionMask = 2147483647;
			files = (
			);
			runOnlyForDeploymentPostprocessing = 0;
		};
		EF38E5BA26C0E22600278C99 /* Frameworks */ = {
			isa = PBXFrameworksBuildPhase;
			buildActionMask = 2147483647;
			files = (
			);
			runOnlyForDeploymentPostprocessing = 0;
		};
/* End PBXFrameworksBuildPhase section */

/* Begin PBXGroup section */
		EF38E59326C0E22500278C99 = {
			isa = PBXGroup;
			children = (
				EF38E59E26C0E22500278C99 /* BusTimimg */,
				EF38E5B526C0E22600278C99 /* BusTimimgTests */,
				EF38E5C026C0E22600278C99 /* BusTimimgUITests */,
				EF38E59D26C0E22500278C99 /* Products */,
			);
			sourceTree = "<group>";
		};
		EF38E59D26C0E22500278C99 /* Products */ = {
			isa = PBXGroup;
			children = (
				EF38E59C26C0E22500278C99 /* BusTimimg.app */,
				EF38E5B226C0E22600278C99 /* BusTimimgTests.xctest */,
				EF38E5BD26C0E22600278C99 /* BusTimimgUITests.xctest */,
			);
			name = Products;
			sourceTree = "<group>";
		};
		EF38E59E26C0E22500278C99 /* BusTimimg */ = {
			isa = PBXGroup;
			children = (
				EF38E59F26C0E22500278C99 /* AppDelegate.swift */,
				EF38E5A126C0E22500278C99 /* SceneDelegate.swift */,
				EF6F28A026C3BEB900ECC205 /* Extension */,
				EF38E5D126C0E25000278C99 /* Model */,
				EF38E5D526C0E29D00278C99 /* View */,
				EF38E5D226C0E27200278C99 /* View Model */,
				EF38E5A526C0E22500278C99 /* Main.storyboard */,
				EF38E5A826C0E22600278C99 /* Assets.xcassets */,
				EF38E5AA26C0E22600278C99 /* LaunchScreen.storyboard */,
				EF38E5AD26C0E22600278C99 /* Info.plist */,
			);
			path = BusTimimg;
			sourceTree = "<group>";
		};
		EF38E5B526C0E22600278C99 /* BusTimimgTests */ = {
			isa = PBXGroup;
			children = (
				EF38E5B626C0E22600278C99 /* BusTimimgTests.swift */,
				EF38E5B826C0E22600278C99 /* Info.plist */,
			);
			path = BusTimimgTests;
			sourceTree = "<group>";
		};
		EF38E5C026C0E22600278C99 /* BusTimimgUITests */ = {
			isa = PBXGroup;
			children = (
				EF38E5C126C0E22600278C99 /* BusTimimgUITests.swift */,
				EF38E5C326C0E22600278C99 /* Info.plist */,
			);
			path = BusTimimgUITests;
			sourceTree = "<group>";
		};
		EF38E5D126C0E25000278C99 /* Model */ = {
			isa = PBXGroup;
			children = (
				EF38E5CF26C0E24400278C99 /* RouteModel.swift */,
			);
			path = Model;
			sourceTree = "<group>";
		};
		EF38E5D226C0E27200278C99 /* View Model */ = {
			isa = PBXGroup;
			children = (
				EF38E5D826C1671100278C99 /* Parser.swift */,
				EF6F289226C25BD800ECC205 /* RouteInfoCellViewModel.swift */,
				EF6F289626C25C4B00ECC205 /* BusDetailViewModel.swift */,
				EF6F289426C25C1500ECC205 /* RouteTimingCellViewModel.swift */,
				EF6F289826C2FD1500ECC205 /* BusTimingViewModel.swift */,
			);
			path = "View Model";
			sourceTree = "<group>";
		};
		EF38E5D526C0E29D00278C99 /* View */ = {
			isa = PBXGroup;
			children = (
				EF6F289E26C3B48200ECC205 /* BusInfoCollectionViewCell.swift */,
				EF6F289A26C301F000ECC205 /* BusTimingTableViewCell.swift */,
				EF38E5A326C0E22500278C99 /* BusScheduleViewController.swift */,
			);
			path = View;
			sourceTree = "<group>";
		};
		EF6F28A026C3BEB900ECC205 /* Extension */ = {
			isa = PBXGroup;
			children = (
				EF6F28A126C3BED800ECC205 /* Reused.swift */,
			);
			path = Extension;
			sourceTree = "<group>";
		};
/* End PBXGroup section */

/* Begin PBXNativeTarget section */
		EF38E59B26C0E22500278C99 /* BusTimimg */ = {
			isa = PBXNativeTarget;
			buildConfigurationList = EF38E5C626C0E22600278C99 /* Build configuration list for PBXNativeTarget "BusTimimg" */;
			buildPhases = (
				EF38E59826C0E22500278C99 /* Sources */,
				EF38E59926C0E22500278C99 /* Frameworks */,
				EF38E59A26C0E22500278C99 /* Resources */,
			);
			buildRules = (
			);
			dependencies = (
			);
			name = BusTimimg;
			productName = BusTimimg;
			productReference = EF38E59C26C0E22500278C99 /* BusTimimg.app */;
			productType = "com.apple.product-type.application";
		};
		EF38E5B126C0E22600278C99 /* BusTimimgTests */ = {
			isa = PBXNativeTarget;
			buildConfigurationList = EF38E5C926C0E22600278C99 /* Build configuration list for PBXNativeTarget "BusTimimgTests" */;
			buildPhases = (
				EF38E5AE26C0E22600278C99 /* Sources */,
				EF38E5AF26C0E22600278C99 /* Frameworks */,
				EF38E5B026C0E22600278C99 /* Resources */,
			);
			buildRules = (
			);
			dependencies = (
				EF38E5B426C0E22600278C99 /* PBXTargetDependency */,
			);
			name = BusTimimgTests;
			productName = BusTimimgTests;
			productReference = EF38E5B226C0E22600278C99 /* BusTimimgTests.xctest */;
			productType = "com.apple.product-type.bundle.unit-test";
		};
		EF38E5BC26C0E22600278C99 /* BusTimimgUITests */ = {
			isa = PBXNativeTarget;
			buildConfigurationList = EF38E5CC26C0E22600278C99 /* Build configuration list for PBXNativeTarget "BusTimimgUITests" */;
			buildPhases = (
				EF38E5B926C0E22600278C99 /* Sources */,
				EF38E5BA26C0E22600278C99 /* Frameworks */,
				EF38E5BB26C0E22600278C99 /* Resources */,
			);
			buildRules = (
			);
			dependencies = (
				EF38E5BF26C0E22600278C99 /* PBXTargetDependency */,
			);
			name = BusTimimgUITests;
			productName = BusTimimgUITests;
			productReference = EF38E5BD26C0E22600278C99 /* BusTimimgUITests.xctest */;
			productType = "com.apple.product-type.bundle.ui-testing";
		};
/* End PBXNativeTarget section */

/* Begin PBXProject section */
		EF38E59426C0E22500278C99 /* Project object */ = {
			isa = PBXProject;
			attributes = {
				LastSwiftUpdateCheck = 1250;
				LastUpgradeCheck = 1250;
				TargetAttributes = {
					EF38E59B26C0E22500278C99 = {
						CreatedOnToolsVersion = 12.5.1;
					};
					EF38E5B126C0E22600278C99 = {
						CreatedOnToolsVersion = 12.5.1;
						TestTargetID = EF38E59B26C0E22500278C99;
					};
					EF38E5BC26C0E22600278C99 = {
						CreatedOnToolsVersion = 12.5.1;
						TestTargetID = EF38E59B26C0E22500278C99;
					};
				};
			};
			buildConfigurationList = EF38E59726C0E22500278C99 /* Build configuration list for PBXProject "BusTimimg" */;
			compatibilityVersion = "Xcode 9.3";
			developmentRegion = en;
			hasScannedForEncodings = 0;
			knownRegions = (
				en,
				Base,
			);
			mainGroup = EF38E59326C0E22500278C99;
			productRefGroup = EF38E59D26C0E22500278C99 /* Products */;
			projectDirPath = "";
			projectRoot = "";
			targets = (
				EF38E59B26C0E22500278C99 /* BusTimimg */,
				EF38E5B126C0E22600278C99 /* BusTimimgTests */,
				EF38E5BC26C0E22600278C99 /* BusTimimgUITests */,
			);
		};
/* End PBXProject section */

/* Begin PBXResourcesBuildPhase section */
		EF38E59A26C0E22500278C99 /* Resources */ = {
			isa = PBXResourcesBuildPhase;
			buildActionMask = 2147483647;
			files = (
				EF38E5AC26C0E22600278C99 /* LaunchScreen.storyboard in Resources */,
				EF38E5A926C0E22600278C99 /* Assets.xcassets in Resources */,
				EF38E5A726C0E22500278C99 /* Main.storyboard in Resources */,
			);
			runOnlyForDeploymentPostprocessing = 0;
		};
		EF38E5B026C0E22600278C99 /* Resources */ = {
			isa = PBXResourcesBuildPhase;
			buildActionMask = 2147483647;
			files = (
			);
			runOnlyForDeploymentPostprocessing = 0;
		};
		EF38E5BB26C0E22600278C99 /* Resources */ = {
			isa = PBXResourcesBuildPhase;
			buildActionMask = 2147483647;
			files = (
			);
			runOnlyForDeploymentPostprocessing = 0;
		};
/* End PBXResourcesBuildPhase section */

/* Begin PBXSourcesBuildPhase section */
		EF38E59826C0E22500278C99 /* Sources */ = {
			isa = PBXSourcesBuildPhase;
			buildActionMask = 2147483647;
			files = (
				EF38E5D926C1671100278C99 /* Parser.swift in Sources */,
				EF38E5D026C0E24400278C99 /* RouteModel.swift in Sources */,
				EF38E5A426C0E22500278C99 /* BusScheduleViewController.swift in Sources */,
				EF6F28A226C3BED800ECC205 /* Reused.swift in Sources */,
				EF6F289926C2FD1500ECC205 /* BusTimingViewModel.swift in Sources */,
				EF6F289526C25C1500ECC205 /* RouteTimingCellViewModel.swift in Sources */,
				EF6F289B26C301F000ECC205 /* BusTimingTableViewCell.swift in Sources */,
				EF6F289F26C3B48200ECC205 /* BusInfoCollectionViewCell.swift in Sources */,
				EF6F289726C25C4B00ECC205 /* BusDetailViewModel.swift in Sources */,
				EF38E5A026C0E22500278C99 /* AppDelegate.swift in Sources */,
				EF38E5A226C0E22500278C99 /* SceneDelegate.swift in Sources */,
				EF6F289326C25BD800ECC205 /* RouteInfoCellViewModel.swift in Sources */,
			);
			runOnlyForDeploymentPostprocessing = 0;
		};
		EF38E5AE26C0E22600278C99 /* Sources */ = {
			isa = PBXSourcesBuildPhase;
			buildActionMask = 2147483647;
			files = (
				EF38E5B726C0E22600278C99 /* BusTimimgTests.swift in Sources */,
			);
			runOnlyForDeploymentPostprocessing = 0;
		};
		EF38E5B926C0E22600278C99 /* Sources */ = {
			isa = PBXSourcesBuildPhase;
			buildActionMask = 2147483647;
			files = (
				EF38E5C226C0E22600278C99 /* BusTimimgUITests.swift in Sources */,
			);
			runOnlyForDeploymentPostprocessing = 0;
		};
/* End PBXSourcesBuildPhase section */

/* Begin PBXTargetDependency section */
		EF38E5B426C0E22600278C99 /* PBXTargetDependency */ = {
			isa = PBXTargetDependency;
			target = EF38E59B26C0E22500278C99 /* BusTimimg */;
			targetProxy = EF38E5B326C0E22600278C99 /* PBXContainerItemProxy */;
		};
		EF38E5BF26C0E22600278C99 /* PBXTargetDependency */ = {
			isa = PBXTargetDependency;
			target = EF38E59B26C0E22500278C99 /* BusTimimg */;
			targetProxy = EF38E5BE26C0E22600278C99 /* PBXContainerItemProxy */;
		};
/* End PBXTargetDependency section */

/* Begin PBXVariantGroup section */
		EF38E5A526C0E22500278C99 /* Main.storyboard */ = {
			isa = PBXVariantGroup;
			children = (
				EF38E5A626C0E22500278C99 /* Base */,
			);
			name = Main.storyboard;
			sourceTree = "<group>";
		};
		EF38E5AA26C0E22600278C99 /* LaunchScreen.storyboard */ = {
			isa = PBXVariantGroup;
			children = (
				EF38E5AB26C0E22600278C99 /* Base */,
			);
			name = LaunchScreen.storyboard;
			sourceTree = "<group>";
		};
/* End PBXVariantGroup section */

/* Begin XCBuildConfiguration section */
		EF38E5C426C0E22600278C99 /* Debug */ = {
			isa = XCBuildConfiguration;
			buildSettings = {
				ALWAYS_SEARCH_USER_PATHS = NO;
				CLANG_ANALYZER_NONNULL = YES;
				CLANG_ANALYZER_NUMBER_OBJECT_CONVERSION = YES_AGGRESSIVE;
				CLANG_CXX_LANGUAGE_STANDARD = "gnu++14";
				CLANG_CXX_LIBRARY = "libc++";
				CLANG_ENABLE_MODULES = YES;
				CLANG_ENABLE_OBJC_ARC = YES;
				CLANG_ENABLE_OBJC_WEAK = YES;
				CLANG_WARN_BLOCK_CAPTURE_AUTORELEASING = YES;
				CLANG_WARN_BOOL_CONVERSION = YES;
				CLANG_WARN_COMMA = YES;
				CLANG_WARN_CONSTANT_CONVERSION = YES;
				CLANG_WARN_DEPRECATED_OBJC_IMPLEMENTATIONS = YES;
				CLANG_WARN_DIRECT_OBJC_ISA_USAGE = YES_ERROR;
				CLANG_WARN_DOCUMENTATION_COMMENTS = YES;
				CLANG_WARN_EMPTY_BODY = YES;
				CLANG_WARN_ENUM_CONVERSION = YES;
				CLANG_WARN_INFINITE_RECURSION = YES;
				CLANG_WARN_INT_CONVERSION = YES;
				CLANG_WARN_NON_LITERAL_NULL_CONVERSION = YES;
				CLANG_WARN_OBJC_IMPLICIT_RETAIN_SELF = YES;
				CLANG_WARN_OBJC_LITERAL_CONVERSION = YES;
				CLANG_WARN_OBJC_ROOT_CLASS = YES_ERROR;
				CLANG_WARN_QUOTED_INCLUDE_IN_FRAMEWORK_HEADER = YES;
				CLANG_WARN_RANGE_LOOP_ANALYSIS = YES;
				CLANG_WARN_STRICT_PROTOTYPES = YES;
				CLANG_WARN_SUSPICIOUS_MOVE = YES;
				CLANG_WARN_UNGUARDED_AVAILABILITY = YES_AGGRESSIVE;
				CLANG_WARN_UNREACHABLE_CODE = YES;
				CLANG_WARN__DUPLICATE_METHOD_MATCH = YES;
				COPY_PHASE_STRIP = NO;
				DEBUG_INFORMATION_FORMAT = dwarf;
				ENABLE_STRICT_OBJC_MSGSEND = YES;
				ENABLE_TESTABILITY = YES;
				GCC_C_LANGUAGE_STANDARD = gnu11;
				GCC_DYNAMIC_NO_PIC = NO;
				GCC_NO_COMMON_BLOCKS = YES;
				GCC_OPTIMIZATION_LEVEL = 0;
				GCC_PREPROCESSOR_DEFINITIONS = (
					"DEBUG=1",
					"$(inherited)",
				);
				GCC_WARN_64_TO_32_BIT_CONVERSION = YES;
				GCC_WARN_ABOUT_RETURN_TYPE = YES_ERROR;
				GCC_WARN_UNDECLARED_SELECTOR = YES;
				GCC_WARN_UNINITIALIZED_AUTOS = YES_AGGRESSIVE;
				GCC_WARN_UNUSED_FUNCTION = YES;
				GCC_WARN_UNUSED_VARIABLE = YES;
				IPHONEOS_DEPLOYMENT_TARGET = 14.5;
				MTL_ENABLE_DEBUG_INFO = INCLUDE_SOURCE;
				MTL_FAST_MATH = YES;
				ONLY_ACTIVE_ARCH = YES;
				SDKROOT = iphoneos;
				SWIFT_ACTIVE_COMPILATION_CONDITIONS = DEBUG;
				SWIFT_OPTIMIZATION_LEVEL = "-Onone";
			};
			name = Debug;
		};
		EF38E5C526C0E22600278C99 /* Release */ = {
			isa = XCBuildConfiguration;
			buildSettings = {
				ALWAYS_SEARCH_USER_PATHS = NO;
				CLANG_ANALYZER_NONNULL = YES;
				CLANG_ANALYZER_NUMBER_OBJECT_CONVERSION = YES_AGGRESSIVE;
				CLANG_CXX_LANGUAGE_STANDARD = "gnu++14";
				CLANG_CXX_LIBRARY = "libc++";
				CLANG_ENABLE_MODULES = YES;
				CLANG_ENABLE_OBJC_ARC = YES;
				CLANG_ENABLE_OBJC_WEAK = YES;
				CLANG_WARN_BLOCK_CAPTURE_AUTORELEASING = YES;
				CLANG_WARN_BOOL_CONVERSION = YES;
				CLANG_WARN_COMMA = YES;
				CLANG_WARN_CONSTANT_CONVERSION = YES;
				CLANG_WARN_DEPRECATED_OBJC_IMPLEMENTATIONS = YES;
				CLANG_WARN_DIRECT_OBJC_ISA_USAGE = YES_ERROR;
				CLANG_WARN_DOCUMENTATION_COMMENTS = YES;
				CLANG_WARN_EMPTY_BODY = YES;
				CLANG_WARN_ENUM_CONVERSION = YES;
				CLANG_WARN_INFINITE_RECURSION = YES;
				CLANG_WARN_INT_CONVERSION = YES;
				CLANG_WARN_NON_LITERAL_NULL_CONVERSION = YES;
				CLANG_WARN_OBJC_IMPLICIT_RETAIN_SELF = YES;
				CLANG_WARN_OBJC_LITERAL_CONVERSION = YES;
				CLANG_WARN_OBJC_ROOT_CLASS = YES_ERROR;
				CLANG_WARN_QUOTED_INCLUDE_IN_FRAMEWORK_HEADER = YES;
				CLANG_WARN_RANGE_LOOP_ANALYSIS = YES;
				CLANG_WARN_STRICT_PROTOTYPES = YES;
				CLANG_WARN_SUSPICIOUS_MOVE = YES;
				CLANG_WARN_UNGUARDED_AVAILABILITY = YES_AGGRESSIVE;
				CLANG_WARN_UNREACHABLE_CODE = YES;
				CLANG_WARN__DUPLICATE_METHOD_MATCH = YES;
				COPY_PHASE_STRIP = NO;
				DEBUG_INFORMATION_FORMAT = "dwarf-with-dsym";
				ENABLE_NS_ASSERTIONS = NO;
				ENABLE_STRICT_OBJC_MSGSEND = YES;
				GCC_C_LANGUAGE_STANDARD = gnu11;
				GCC_NO_COMMON_BLOCKS = YES;
				GCC_WARN_64_TO_32_BIT_CONVERSION = YES;
				GCC_WARN_ABOUT_RETURN_TYPE = YES_ERROR;
				GCC_WARN_UNDECLARED_SELECTOR = YES;
				GCC_WARN_UNINITIALIZED_AUTOS = YES_AGGRESSIVE;
				GCC_WARN_UNUSED_FUNCTION = YES;
				GCC_WARN_UNUSED_VARIABLE = YES;
				IPHONEOS_DEPLOYMENT_TARGET = 14.5;
				MTL_ENABLE_DEBUG_INFO = NO;
				MTL_FAST_MATH = YES;
				SDKROOT = iphoneos;
				SWIFT_COMPILATION_MODE = wholemodule;
				SWIFT_OPTIMIZATION_LEVEL = "-O";
				VALIDATE_PRODUCT = YES;
			};
			name = Release;
		};
		EF38E5C726C0E22600278C99 /* Debug */ = {
			isa = XCBuildConfiguration;
			buildSettings = {
				ASSETCATALOG_COMPILER_APPICON_NAME = AppIcon;
				ASSETCATALOG_COMPILER_GLOBAL_ACCENT_COLOR_NAME = AccentColor;
				CODE_SIGN_STYLE = Automatic;
				INFOPLIST_FILE = BusTimimg/Info.plist;
				LD_RUNPATH_SEARCH_PATHS = (
					"$(inherited)",
					"@executable_path/Frameworks",
				);
				PRODUCT_BUNDLE_IDENTIFIER = com.sample.BusTimimg;
				PRODUCT_NAME = "$(TARGET_NAME)";
				SWIFT_VERSION = 5.0;
				TARGETED_DEVICE_FAMILY = "1,2";
			};
			name = Debug;
		};
		EF38E5C826C0E22600278C99 /* Release */ = {
			isa = XCBuildConfiguration;
			buildSettings = {
				ASSETCATALOG_COMPILER_APPICON_NAME = AppIcon;
				ASSETCATALOG_COMPILER_GLOBAL_ACCENT_COLOR_NAME = AccentColor;
				CODE_SIGN_STYLE = Automatic;
				INFOPLIST_FILE = BusTimimg/Info.plist;
				LD_RUNPATH_SEARCH_PATHS = (
					"$(inherited)",
					"@executable_path/Frameworks",
				);
				PRODUCT_BUNDLE_IDENTIFIER = com.sample.BusTimimg;
				PRODUCT_NAME = "$(TARGET_NAME)";
				SWIFT_VERSION = 5.0;
				TARGETED_DEVICE_FAMILY = "1,2";
			};
			name = Release;
		};
		EF38E5CA26C0E22600278C99 /* Debug */ = {
			isa = XCBuildConfiguration;
			buildSettings = {
				ALWAYS_EMBED_SWIFT_STANDARD_LIBRARIES = YES;
				BUNDLE_LOADER = "$(TEST_HOST)";
				CODE_SIGN_STYLE = Automatic;
				INFOPLIST_FILE = BusTimimgTests/Info.plist;
				IPHONEOS_DEPLOYMENT_TARGET = 14.5;
				LD_RUNPATH_SEARCH_PATHS = (
					"$(inherited)",
					"@executable_path/Frameworks",
					"@loader_path/Frameworks",
				);
				PRODUCT_BUNDLE_IDENTIFIER = com.sample.BusTimimgTests;
				PRODUCT_NAME = "$(TARGET_NAME)";
				SWIFT_VERSION = 5.0;
				TARGETED_DEVICE_FAMILY = "1,2";
				TEST_HOST = "$(BUILT_PRODUCTS_DIR)/BusTimimg.app/BusTimimg";
			};
			name = Debug;
		};
		EF38E5CB26C0E22600278C99 /* Release */ = {
			isa = XCBuildConfiguration;
			buildSettings = {
				ALWAYS_EMBED_SWIFT_STANDARD_LIBRARIES = YES;
				BUNDLE_LOADER = "$(TEST_HOST)";
				CODE_SIGN_STYLE = Automatic;
				INFOPLIST_FILE = BusTimimgTests/Info.plist;
				IPHONEOS_DEPLOYMENT_TARGET = 14.5;
				LD_RUNPATH_SEARCH_PATHS = (
					"$(inherited)",
					"@executable_path/Frameworks",
					"@loader_path/Frameworks",
				);
				PRODUCT_BUNDLE_IDENTIFIER = com.sample.BusTimimgTests;
				PRODUCT_NAME = "$(TARGET_NAME)";
				SWIFT_VERSION = 5.0;
				TARGETED_DEVICE_FAMILY = "1,2";
				TEST_HOST = "$(BUILT_PRODUCTS_DIR)/BusTimimg.app/BusTimimg";
			};
			name = Release;
		};
		EF38E5CD26C0E22600278C99 /* Debug */ = {
			isa = XCBuildConfiguration;
			buildSettings = {
				ALWAYS_EMBED_SWIFT_STANDARD_LIBRARIES = YES;
				CODE_SIGN_STYLE = Automatic;
				INFOPLIST_FILE = BusTimimgUITests/Info.plist;
				LD_RUNPATH_SEARCH_PATHS = (
					"$(inherited)",
					"@executable_path/Frameworks",
					"@loader_path/Frameworks",
				);
				PRODUCT_BUNDLE_IDENTIFIER = com.sample.BusTimimgUITests;
				PRODUCT_NAME = "$(TARGET_NAME)";
				SWIFT_VERSION = 5.0;
				TARGETED_DEVICE_FAMILY = "1,2";
				TEST_TARGET_NAME = BusTimimg;
			};
			name = Debug;
		};
		EF38E5CE26C0E22600278C99 /* Release */ = {
			isa = XCBuildConfiguration;
			buildSettings = {
				ALWAYS_EMBED_SWIFT_STANDARD_LIBRARIES = YES;
				CODE_SIGN_STYLE = Automatic;
				INFOPLIST_FILE = BusTimimgUITests/Info.plist;
				LD_RUNPATH_SEARCH_PATHS = (
					"$(inherited)",
					"@executable_path/Frameworks",
					"@loader_path/Frameworks",
				);
				PRODUCT_BUNDLE_IDENTIFIER = com.sample.BusTimimgUITests;
				PRODUCT_NAME = "$(TARGET_NAME)";
				SWIFT_VERSION = 5.0;
				TARGETED_DEVICE_FAMILY = "1,2";
				TEST_TARGET_NAME = BusTimimg;
			};
			name = Release;
		};
/* End XCBuildConfiguration section */

/* Begin XCConfigurationList section */
		EF38E59726C0E22500278C99 /* Build configuration list for PBXProject "BusTimimg" */ = {
			isa = XCConfigurationList;
			buildConfigurations = (
				EF38E5C426C0E22600278C99 /* Debug */,
				EF38E5C526C0E22600278C99 /* Release */,
			);
			defaultConfigurationIsVisible = 0;
			defaultConfigurationName = Release;
		};
		EF38E5C626C0E22600278C99 /* Build configuration list for PBXNativeTarget "BusTimimg" */ = {
			isa = XCConfigurationList;
			buildConfigurations = (
				EF38E5C726C0E22600278C99 /* Debug */,
				EF38E5C826C0E22600278C99 /* Release */,
			);
			defaultConfigurationIsVisible = 0;
			defaultConfigurationName = Release;
		};
		EF38E5C926C0E22600278C99 /* Build configuration list for PBXNativeTarget "BusTimimgTests" */ = {
			isa = XCConfigurationList;
			buildConfigurations = (
				EF38E5CA26C0E22600278C99 /* Debug */,
				EF38E5CB26C0E22600278C99 /* Release */,
			);
			defaultConfigurationIsVisible = 0;
			defaultConfigurationName = Release;
		};
		EF38E5CC26C0E22600278C99 /* Build configuration list for PBXNativeTarget "BusTimimgUITests" */ = {
			isa = XCConfigurationList;
			buildConfigurations = (
				EF38E5CD26C0E22600278C99 /* Debug */,
				EF38E5CE26C0E22600278C99 /* Release */,
			);
			defaultConfigurationIsVisible = 0;
			defaultConfigurationName = Release;
		};
/* End XCConfigurationList section */
	};
	rootObject = EF38E59426C0E22500278C99 /* Project object */;
}
